
Microsoft Visual Studio Solution File, Format Version 12.00
# Visual Studio Version 16
VisualStudioVersion = 16.0.30128.74
MinimumVisualStudioVersion = 10.0.40219.1
Project("{2150E333-8FDC-42A3-9474-1A3956D46DE8}") = "src", "src", "{81CC7634-7D2D-4B0D-A7CA-1D7BF3AB4649}"
EndProject
Project("{9A19103F-16F7-4668-BE54-9A1E7A4F7556}") = "StoneAssemblies.Extensibility", "StoneAssemblies.Extensibility\StoneAssemblies.Extensibility.csproj", "{949EB0D8-E2BD-4253-A164-5542D2705D50}"
EndProject
Project("{2150E333-8FDC-42A3-9474-1A3956D46DE8}") = "test", "test", "{99212B12-D8FC-4858-9D68-CAEF1FF8956F}"
EndProject
Project("{9A19103F-16F7-4668-BE54-9A1E7A4F7556}") = "StoneAssemblies.Extensibility.Tests", "StoneAssemblies.Extensibility.Tests\StoneAssemblies.Extensibility.Tests.csproj", "{B1D24CB8-8D08-41B8-A4E1-7D142CD3AA58}"
EndProject
Project("{9A19103F-16F7-4668-BE54-9A1E7A4F7556}") = "StoneAssemblies.Extensibility.DemoPlugin", "StoneAssemblies.Extensibility.DemoPlugin\StoneAssemblies.Extensibility.DemoPlugin.csproj", "{0EA1790D-5C7E-4B87-934D-F474CFB0DAA5}"
EndProject
Global
	GlobalSection(SolutionConfigurationPlatforms) = preSolution
		Debug|Any CPU = Debug|Any CPU
		Release|Any CPU = Release|Any CPU
	EndGlobalSection
	GlobalSection(ProjectConfigurationPlatforms) = postSolution
		{949EB0D8-E2BD-4253-A164-5542D2705D50}.Debug|Any CPU.ActiveCfg = Debug|Any CPU
		{949EB0D8-E2BD-4253-A164-5542D2705D50}.Debug|Any CPU.Build.0 = Debug|Any CPU
		{949EB0D8-E2BD-4253-A164-5542D2705D50}.Release|Any CPU.ActiveCfg = Release|Any CPU
		{949EB0D8-E2BD-4253-A164-5542D2705D50}.Release|Any CPU.Build.0 = Release|Any CPU
		{B1D24CB8-8D08-41B8-A4E1-7D142CD3AA58}.Debug|Any CPU.ActiveCfg = Debug|Any CPU
		{B1D24CB8-8D08-41B8-A4E1-7D142CD3AA58}.Debug|Any CPU.Build.0 = Debug|Any CPU
		{B1D24CB8-8D08-41B8-A4E1-7D142CD3AA58}.Release|Any CPU.ActiveCfg = Release|Any CPU
		{B1D24CB8-8D08-41B8-A4E1-7D142CD3AA58}.Release|Any CPU.Build.0 = Release|Any CPU
		{0EA1790D-5C7E-4B87-934D-F474CFB0DAA5}.Debug|Any CPU.ActiveCfg = Debug|Any CPU
		{0EA1790D-5C7E-4B87-934D-F474CFB0DAA5}.Debug|Any CPU.Build.0 = Debug|Any CPU
		{0EA1790D-5C7E-4B87-934D-F474CFB0DAA5}.Release|Any CPU.ActiveCfg = Release|Any CPU
		{0EA1790D-5C7E-4B87-934D-F474CFB0DAA5}.Release|Any CPU.Build.0 = Release|Any CPU
	EndGlobalSection
	GlobalSection(SolutionProperties) = preSolution
		HideSolutionNode = FALSE
	EndGlobalSection
	GlobalSection(NestedProjects) = preSolution
		{949EB0D8-E2BD-4253-A164-5542D2705D50} = {81CC7634-7D2D-4B0D-A7CA-1D7BF3AB4649}
		{B1D24CB8-8D08-41B8-A4E1-7D142CD3AA58} = {99212B12-D8FC-4858-9D68-CAEF1FF8956F}
		{0EA1790D-5C7E-4B87-934D-F474CFB0DAA5} = {99212B12-D8FC-4858-9D68-CAEF1FF8956F}
	EndGlobalSection
	GlobalSection(ExtensibilityGlobals) = postSolution
		SolutionGuid = {DC4F2C75-83F6-47DF-96F8-B205162A1E70}
	EndGlobalSection
EndGlobal
